
Microsoft Visual Studio Solution File, Format Version 12.00
# Visual Studio Version 17
VisualStudioVersion = 17.3.32929.385
MinimumVisualStudioVersion = 10.0.40219.1
Project("{00D1A9C2-B5F0-4AF3-8072-F6C62B433612}") = "SQLDB", "SQLDB\SQLDB.sqlproj", "{EEFFD23A-B5C4-4EB5-8FDC-324665E3DF84}"
EndProject
Project("{2150E333-8FDC-42A3-9474-1A3956D46DE8}") = "DataAccess", "DataAccess", "{BDC16941-5E15-4998-A188-BB90DE7C2C86}"
EndProject
Project("{9A19103F-16F7-4668-BE54-9A1E7A4F7556}") = "SQLDataAccess", "SQLDataAccess\SQLDataAccess.csproj", "{BDE4913D-D903-47F8-8002-FD828904CDEC}"
EndProject
Project("{2150E333-8FDC-42A3-9474-1A3956D46DE8}") = "Core", "Core", "{D2ABE203-0314-4693-B996-B8AB81EFBEF0}"
EndProject
Project("{9A19103F-16F7-4668-BE54-9A1E7A4F7556}") = "Core", "Core\Core.csproj", "{CA7B3C82-2DF5-4908-B8F6-4C20A245EE7E}"
EndProject
Project("{2150E333-8FDC-42A3-9474-1A3956D46DE8}") = "Database", "Database", "{8F5CA99C-4C3C-4B43-8528-2385542CAA07}"
EndProject
Project("{2150E333-8FDC-42A3-9474-1A3956D46DE8}") = "WPF", "WPF", "{B7975BF9-208D-451E-8589-C8FB9689B103}"
EndProject
Project("{9A19103F-16F7-4668-BE54-9A1E7A4F7556}") = "WpfApp", "WpfApp\WpfApp.csproj", "{A497817D-967F-404E-8106-F7E25FB64DA6}"
EndProject
Global
	GlobalSection(SolutionConfigurationPlatforms) = preSolution
		Debug|Any CPU = Debug|Any CPU
		Release|Any CPU = Release|Any CPU
	EndGlobalSection
	GlobalSection(ProjectConfigurationPlatforms) = postSolution
		{EEFFD23A-B5C4-4EB5-8FDC-324665E3DF84}.Debug|Any CPU.ActiveCfg = Debug|Any CPU
		{EEFFD23A-B5C4-4EB5-8FDC-324665E3DF84}.Debug|Any CPU.Build.0 = Debug|Any CPU
		{EEFFD23A-B5C4-4EB5-8FDC-324665E3DF84}.Debug|Any CPU.Deploy.0 = Debug|Any CPU
		{EEFFD23A-B5C4-4EB5-8FDC-324665E3DF84}.Release|Any CPU.ActiveCfg = Release|Any CPU
		{EEFFD23A-B5C4-4EB5-8FDC-324665E3DF84}.Release|Any CPU.Build.0 = Release|Any CPU
		{EEFFD23A-B5C4-4EB5-8FDC-324665E3DF84}.Release|Any CPU.Deploy.0 = Release|Any CPU
		{BDE4913D-D903-47F8-8002-FD828904CDEC}.Debug|Any CPU.ActiveCfg = Debug|Any CPU
		{BDE4913D-D903-47F8-8002-FD828904CDEC}.Debug|Any CPU.Build.0 = Debug|Any CPU
		{BDE4913D-D903-47F8-8002-FD828904CDEC}.Release|Any CPU.ActiveCfg = Release|Any CPU
		{BDE4913D-D903-47F8-8002-FD828904CDEC}.Release|Any CPU.Build.0 = Release|Any CPU
		{CA7B3C82-2DF5-4908-B8F6-4C20A245EE7E}.Debug|Any CPU.ActiveCfg = Debug|Any CPU
		{CA7B3C82-2DF5-4908-B8F6-4C20A245EE7E}.Debug|Any CPU.Build.0 = Debug|Any CPU
		{CA7B3C82-2DF5-4908-B8F6-4C20A245EE7E}.Release|Any CPU.ActiveCfg = Release|Any CPU
		{CA7B3C82-2DF5-4908-B8F6-4C20A245EE7E}.Release|Any CPU.Build.0 = Release|Any CPU
		{A497817D-967F-404E-8106-F7E25FB64DA6}.Debug|Any CPU.ActiveCfg = Debug|Any CPU
		{A497817D-967F-404E-8106-F7E25FB64DA6}.Debug|Any CPU.Build.0 = Debug|Any CPU
		{A497817D-967F-404E-8106-F7E25FB64DA6}.Release|Any CPU.ActiveCfg = Release|Any CPU
		{A497817D-967F-404E-8106-F7E25FB64DA6}.Release|Any CPU.Build.0 = Release|Any CPU
	EndGlobalSection
	GlobalSection(SolutionProperties) = preSolution
		HideSolutionNode = FALSE
	EndGlobalSection
	GlobalSection(NestedProjects) = preSolution
		{EEFFD23A-B5C4-4EB5-8FDC-324665E3DF84} = {8F5CA99C-4C3C-4B43-8528-2385542CAA07}
		{BDE4913D-D903-47F8-8002-FD828904CDEC} = {BDC16941-5E15-4998-A188-BB90DE7C2C86}
		{CA7B3C82-2DF5-4908-B8F6-4C20A245EE7E} = {D2ABE203-0314-4693-B996-B8AB81EFBEF0}
		{A497817D-967F-404E-8106-F7E25FB64DA6} = {B7975BF9-208D-451E-8589-C8FB9689B103}
	EndGlobalSection
	GlobalSection(ExtensibilityGlobals) = postSolution
		SolutionGuid = {2A2A1FD5-3162-460E-B81C-7322934114A9}
	EndGlobalSection
EndGlobal
